# @generated - this file is auto-generated by `mise lock` https://mise.jdx.dev/dev-tools/mise-lock.html

[[tools.bun]]
version = "1.4.0"
backend = "core:bun"

[tools.bun."platforms.linux-x64"]
checksum = "sha256:2d03fb5fb83ac8b567aca0a281b2ce1a1a19d488f56c2968d88c3f25e92fe452"
url = "https://github.com/oven-sh/bun/releases/download/bun-v1.4.0/bun-linux-x64.zip"

[tools.bun."platforms.linux-x64-baseline"]
checksum = "sha256:184fb4595f0d401a217cf7c78c1bc430ba83314dab7a8b94805babbf7fa7097f"
url = "https://github.com/oven-sh/bun/releases/download/bun-v1.4.0/bun-linux-x64-baseline.zip"

[tools.bun."platforms.linux-x64-musl"]
checksum = "sha256:83b5f12fd258dd8d4fdcaea65ede954366aa717dab399e20093ecab280d54e7a"
url = "https://github.com/oven-sh/bun/releases/download/bun-v1.4.0/bun-linux-x64-musl.zip"

[tools.bun."platforms.linux-x64-musl-baseline"]
checksum = "sha256:618c4bc1f94b02337ee210003c0b7c066f11548a8cdc5109df10db043dc47ca2"
url = "https://github.com/oven-sh/bun/releases/download/bun-v1.4.0/bun-linux-x64-musl-baseline.zip"

[tools.bun."platforms.macos-arm64"]
checksum = "sha256:c669e97f6164e1c96e0701748db98dfa77492908cbd8394c7557134a735de381"
url = "https://github.com/oven-sh/bun/releases/download/bun-v1.4.0/bun-darwin-aarch64.zip"

[[tools."github:bram209/leptosfmt"]]
version = "0.1.33"
backend = "github:bram209/leptosfmt"

[tools."github:bram209/leptosfmt"."platforms.linux-x64"]
checksum = "sha256:92b7cee8d677ca3b31ccb47fe367a7d7a2c8a4c5da1f00e59fc362cc2b5c0dc8"
url = "https://github.com/bram209/leptosfmt/releases/download/0.1.33/leptosfmt-0.1.33-x86_64-unknown-linux-musl.tar.gz"
url_api = "https://api.github.com/repos/bram209/leptosfmt/releases/assets/224981911"

[tools."github:bram209/leptosfmt"."platforms.linux-x64-baseline"]
url = "https://github.com/bram209/leptosfmt/releases/download/0.1.33/leptosfmt-0.1.33-x86_64-unknown-linux-musl.tar.gz"
url_api = "https://api.github.com/repos/bram209/leptosfmt/releases/assets/224981911"

[tools."github:bram209/leptosfmt"."platforms.linux-x64-musl"]
url = "https://github.com/bram209/leptosfmt/releases/download/0.1.33/leptosfmt-0.1.33-x86_64-unknown-linux-musl.tar.gz"
url_api = "https://api.github.com/repos/bram209/leptosfmt/releases/assets/224981911"

[tools."github:bram209/leptosfmt"."platforms.linux-x64-musl-baseline"]
url = "https://github.com/bram209/leptosfmt/releases/download/0.1.33/leptosfmt-0.1.33-x86_64-unknown-linux-musl.tar.gz"
url_api = "https://api.github.com/repos/bram209/leptosfmt/releases/assets/224981911"

[tools."github:bram209/leptosfmt"."platforms.macos-arm64"]
checksum = "blake3:890e4a6953262f0cb4d3acc73e53b2077e7143fc828df907a8c3cf49cafb0fe2"
url = "https://github.com/bram209/leptosfmt/releases/download/0.1.33/leptosfmt-0.1.33-aarch64-apple-darwin.tar.gz"
url_api = "https://api.github.com/repos/bram209/leptosfmt/releases/assets/224981875"

[[tools."github:leptos-rs/cargo-leptos"]]
version = "0.3.7"
backend = "github:leptos-rs/cargo-leptos"

[tools."github:leptos-rs/cargo-leptos"."platforms.linux-x64"]
checksum = "sha256:fda80f4845e92d0e8f5ec13cf1a46982ba7a518ae01182e7e4201312944bc05d"
url = "https://github.com/leptos-rs/cargo-leptos/releases/download/v0.3.7/cargo-leptos-x86_64-unknown-linux-gnu.tar.gz"
url_api = "https://api.github.com/repos/leptos-rs/cargo-leptos/releases/assets/465714627"

[tools."github:leptos-rs/cargo-leptos"."platforms.linux-x64-baseline"]
checksum = "sha256:fda80f4845e92d0e8f5ec13cf1a46982ba7a518ae01182e7e4201312944bc05d"
url = "https://github.com/leptos-rs/cargo-leptos/releases/download/v0.3.7/cargo-leptos-x86_64-unknown-linux-gnu.tar.gz"
url_api = "https://api.github.com/repos/leptos-rs/cargo-leptos/releases/assets/465714627"

[tools."github:leptos-rs/cargo-leptos"."platforms.linux-x64-musl"]
checksum = "sha256:97f9269a23837918be8a01c18c46239d060d87bb070f65625381be4a41159eda"
url = "https://github.com/leptos-rs/cargo-leptos/releases/download/v0.3.7/cargo-leptos-x86_64-unknown-linux-musl.tar.gz"
url_api = "https://api.github.com/repos/leptos-rs/cargo-leptos/releases/assets/465714636"

[tools."github:leptos-rs/cargo-leptos"."platforms.linux-x64-musl-baseline"]
checksum = "sha256:97f9269a23837918be8a01c18c46239d060d87bb070f65625381be4a41159eda"
url = "https://github.com/leptos-rs/cargo-leptos/releases/download/v0.3.7/cargo-leptos-x86_64-unknown-linux-musl.tar.gz"
url_api = "https://api.github.com/repos/leptos-rs/cargo-leptos/releases/assets/465714636"

[tools."github:leptos-rs/cargo-leptos"."platforms.macos-arm64"]
checksum = "sha256:f5464add2ee2778eb11189be1e2f1721d6f30aa47b2cf4f00172962738d99e42"
url = "https://github.com/leptos-rs/cargo-leptos/releases/download/v0.3.7/cargo-leptos-aarch64-apple-darwin.tar.gz"
url_api = "https://api.github.com/repos/leptos-rs/cargo-leptos/releases/assets/465714594"

[[tools.rust]]
version = "1.98.0"
backend = "core:rust"

[tools.rust.options]
targets = "wasm32-unknown-unknown"
